{
  "version": 4,
  "terraform_version": "1.7.3",
  "serial": 134,
  "lineage": "f05aaf0c-50e6-17ef-a88d-86dc4cdf2e3e",
  "outputs": {},
  "resources": [
    {
      "mode": "managed",
      "type": "azurerm_linux_virtual_machine",
      "name": "dev-vm",
      "provider": "provider[\"registry.terraform.io/hashicorp/azurerm\"]",
      "instances": [
        {
          "index_key": 0,
          "schema_version": 0,
          "attributes": {
            "additional_capabilities": [],
            "admin_password": null,
            "admin_ssh_key": [
              {
                "public_key": "ssh-rsa AAAAB3NzaC1yc2EAAAADAQABAAABAQC+jX2supXda3naYNNB0MkkH8lV5/ybempqnoCchwNgCk6v3TdMqtUTjzJ3BdbEnXInwq336Tr9uqKEek9c9Q8FpHW9aMVHSzaVMsSvVtqbSn3UY1KKHjbIesPFq32zGdeeZ3drsJCz8ZkeXvPWT99PY9z7PWeITbZRM6POpDMTjYmoSt6FhYH5iWyswcOIlcW7bXPRF10ZBMA9BNuWUv4R+o3L69PFcVUgJeNnDhcSfiq2pcvWTJyiRFbq2wJU8Ed+VlRPApbLcQiRrYhJHzR1bemp6g71EdLBX0zUSzBy0GdjiJeLaSR2ZUTb9ejY1A0oXPK/at5x4iZboRDfDVB/ root@Ubuntu-1804-bionic-64-minimal",
                "username": "debian"
              }
            ],
            "admin_username": "debian",
            "allow_extension_operations": true,
            "availability_set_id": "",
            "boot_diagnostics": [],
            "computer_name": "dev-vm-0",
            "custom_data": "IyEvYmluL2Jhc2gNCnN1ZG8gYXB0LWdldCB1cGRhdGUgLXkgJiYNCnN1ZG8gYXB0LWdldCBpbnN0YWxsIC15IFwNCmFwdC10cmFuc3BvcnQtaHR0cHMgXA0KY2EtY2VydGlmaWNhdGVzIFwNCmN1cmwgXA0KZ251cGctYWdlbnQgXA0Kc29mdHdhcmUtcHJvcGVydGllcy1jb21tb24gJiYNCmN1cmwgLWZzU0wgaHR0cHM6Ly9kb3dubG9hZC5kb2NrZXIuY29tL2xpbnV4L3VidW50dS9ncGcgfCBzdWRvIGFwdC1rZXkgYWRkIC0gJiYNCnN1ZG8gYWRkLWFwdC1yZXBvc2l0b3J5ICJkZWIgW2FyY2g9YW1kNjRdIGh0dHBzOi8vZG93bmxvYWQuZG9ja2VyLmNvbS9saW51eC91YnVudHUgJChsc2JfcmVsZWFzZSAtY3MpIHN0YWJsZSIgJiYNCnN1ZG8gYXB0LWdldCB1cGRhdGUgLXkgJiYNCnN1ZG8gc3VkbyBhcHQtZ2V0IGluc3RhbGwgZG9ja2VyLWNlIGRvY2tlci1jZS1jbGkgY29udGFpbmVyZC5pbyAteSAmJg0Kc3VkbyB1c2VybW9kIC1hRyBkb2NrZXIgdWJ1bnR1",
            "dedicated_host_group_id": "",
            "dedicated_host_id": "",
            "disable_password_authentication": true,
            "edge_zone": "",
            "encryption_at_host_enabled": false,
            "eviction_policy": "",
            "extensions_time_budget": "PT1H30M",
            "id": "/subscriptions/ff46aedd-3714-4508-9566-642fefdc3b90/resourceGroups/linuxDev/providers/Microsoft.Compute/virtualMachines/dev-vm-0",
            "identity": [],
            "license_type": "",
            "location": "eastus",
            "max_bid_price": -1,
            "name": "dev-vm-0",
            "network_interface_ids": [
              "/subscriptions/ff46aedd-3714-4508-9566-642fefdc3b90/resourceGroups/linuxDev/providers/Microsoft.Network/networkInterfaces/dev-nic-0"
            ],
            "os_disk": [
              {
                "caching": "ReadWrite",
                "diff_disk_settings": [],
                "disk_encryption_set_id": "",
                "disk_size_gb": 30,
                "name": "dev-vm-0_OsDisk_1_49c72a1a2504479192e219e351afc274",
                "storage_account_type": "Standard_LRS",
                "write_accelerator_enabled": false
              }
            ],
            "patch_mode": "ImageDefault",
            "plan": [],
            "platform_fault_domain": -1,
            "priority": "Regular",
            "private_ip_address": "10.123.1.5",
            "private_ip_addresses": [
              "10.123.1.5"
            ],
            "provision_vm_agent": true,
            "proximity_placement_group_id": "",
            "public_ip_address": "52.168.183.55",
            "public_ip_addresses": [
              "52.168.183.55"
            ],
            "resource_group_name": "linuxDev",
            "secret": [],
            "secure_boot_enabled": false,
            "size": "B2s",
            "source_image_id": "",
            "source_image_reference": [
              {
                "offer": "UbuntuServer",
                "publisher": "Canonical",
                "sku": "18_04-lts-gen2",
                "version": "latest"
              }
            ],
            "tags": {},
            "termination_notification": [],
            "timeouts": null,
            "user_data": "",
            "virtual_machine_id": "56875a78-cf01-4173-ad8c-2d32c5ec4506",
            "virtual_machine_scale_set_id": "",
            "vtpm_enabled": false,
            "zone": ""
          },
          "sensitive_attributes": [],
          "private": "eyJlMmJmYjczMC1lY2FhLTExZTYtOGY4OC0zNDM2M2JjN2M0YzAiOnsiY3JlYXRlIjoyNzAwMDAwMDAwMDAwLCJkZWxldGUiOjI3MDAwMDAwMDAwMDAsInJlYWQiOjMwMDAwMDAwMDAwMCwidXBkYXRlIjoyNzAwMDAwMDAwMDAwfX0=",
          "dependencies": [
            "azurerm_network_interface.dev-nic",
            "azurerm_public_ip.dev-ip",
            "azurerm_resource_group.linux-dev-rg",
            "azurerm_subnet.dev-subnet",
            "azurerm_virtual_network.dev-vnet"
          ]
        },
        {
          "index_key": 1,
          "schema_version": 0,
          "attributes": {
            "additional_capabilities": [],
            "admin_password": null,
            "admin_ssh_key": [
              {
                "public_key": "ssh-rsa AAAAB3NzaC1yc2EAAAADAQABAAABAQC+jX2supXda3naYNNB0MkkH8lV5/ybempqnoCchwNgCk6v3TdMqtUTjzJ3BdbEnXInwq336Tr9uqKEek9c9Q8FpHW9aMVHSzaVMsSvVtqbSn3UY1KKHjbIesPFq32zGdeeZ3drsJCz8ZkeXvPWT99PY9z7PWeITbZRM6POpDMTjYmoSt6FhYH5iWyswcOIlcW7bXPRF10ZBMA9BNuWUv4R+o3L69PFcVUgJeNnDhcSfiq2pcvWTJyiRFbq2wJU8Ed+VlRPApbLcQiRrYhJHzR1bemp6g71EdLBX0zUSzBy0GdjiJeLaSR2ZUTb9ejY1A0oXPK/at5x4iZboRDfDVB/ root@Ubuntu-1804-bionic-64-minimal",
                "username": "debian"
              }
            ],
            "admin_username": "debian",
            "allow_extension_operations": true,
            "availability_set_id": "",
            "boot_diagnostics": [],
            "computer_name": "dev-vm-1",
            "custom_data": "IyEvYmluL2Jhc2gNCnN1ZG8gYXB0LWdldCB1cGRhdGUgLXkgJiYNCnN1ZG8gYXB0LWdldCBpbnN0YWxsIC15IFwNCmFwdC10cmFuc3BvcnQtaHR0cHMgXA0KY2EtY2VydGlmaWNhdGVzIFwNCmN1cmwgXA0KZ251cGctYWdlbnQgXA0Kc29mdHdhcmUtcHJvcGVydGllcy1jb21tb24gJiYNCmN1cmwgLWZzU0wgaHR0cHM6Ly9kb3dubG9hZC5kb2NrZXIuY29tL2xpbnV4L3VidW50dS9ncGcgfCBzdWRvIGFwdC1rZXkgYWRkIC0gJiYNCnN1ZG8gYWRkLWFwdC1yZXBvc2l0b3J5ICJkZWIgW2FyY2g9YW1kNjRdIGh0dHBzOi8vZG93bmxvYWQuZG9ja2VyLmNvbS9saW51eC91YnVudHUgJChsc2JfcmVsZWFzZSAtY3MpIHN0YWJsZSIgJiYNCnN1ZG8gYXB0LWdldCB1cGRhdGUgLXkgJiYNCnN1ZG8gc3VkbyBhcHQtZ2V0IGluc3RhbGwgZG9ja2VyLWNlIGRvY2tlci1jZS1jbGkgY29udGFpbmVyZC5pbyAteSAmJg0Kc3VkbyB1c2VybW9kIC1hRyBkb2NrZXIgdWJ1bnR1",
            "dedicated_host_group_id": "",
            "dedicated_host_id": "",
            "disable_password_authentication": true,
            "edge_zone": "",
            "encryption_at_host_enabled": false,
            "eviction_policy": "",
            "extensions_time_budget": "PT1H30M",
            "id": "/subscriptions/ff46aedd-3714-4508-9566-642fefdc3b90/resourceGroups/linuxDev/providers/Microsoft.Compute/virtualMachines/dev-vm-1",
            "identity": [],
            "license_type": "",
            "location": "eastus",
            "max_bid_price": -1,
            "name": "dev-vm-1",
            "network_interface_ids": [
              "/subscriptions/ff46aedd-3714-4508-9566-642fefdc3b90/resourceGroups/linuxDev/providers/Microsoft.Network/networkInterfaces/dev-nic-1"
            ],
            "os_disk": [
              {
                "caching": "ReadWrite",
                "diff_disk_settings": [],
                "disk_encryption_set_id": "",
                "disk_size_gb": 30,
                "name": "dev-vm-1_OsDisk_1_e43a658dc13244f7be670366ee7d9629",
                "storage_account_type": "Standard_LRS",
                "write_accelerator_enabled": false
              }
            ],
            "patch_mode": "ImageDefault",
            "plan": [],
            "platform_fault_domain": -1,
            "priority": "Regular",
            "private_ip_address": "10.123.1.8",
            "private_ip_addresses": [
              "10.123.1.8"
            ],
            "provision_vm_agent": true,
            "proximity_placement_group_id": "",
            "public_ip_address": "52.168.183.27",
            "public_ip_addresses": [
              "52.168.183.27"
            ],
            "resource_group_name": "linuxDev",
            "secret": [],
            "secure_boot_enabled": false,
            "size": "B2s",
            "source_image_id": "",
            "source_image_reference": [
              {
                "offer": "UbuntuServer",
                "publisher": "Canonical",
                "sku": "18_04-lts-gen2",
                "version": "latest"
              }
            ],
            "tags": {},
            "termination_notification": [],
            "timeouts": null,
            "user_data": "",
            "virtual_machine_id": "eb1cf709-62a1-484f-a427-a8b40590abe0",
            "virtual_machine_scale_set_id": "",
            "vtpm_enabled": false,
            "zone": ""
          },
          "sensitive_attributes": [],
          "private": "eyJlMmJmYjczMC1lY2FhLTExZTYtOGY4OC0zNDM2M2JjN2M0YzAiOnsiY3JlYXRlIjoyNzAwMDAwMDAwMDAwLCJkZWxldGUiOjI3MDAwMDAwMDAwMDAsInJlYWQiOjMwMDAwMDAwMDAwMCwidXBkYXRlIjoyNzAwMDAwMDAwMDAwfX0=",
          "dependencies": [
            "azurerm_network_interface.dev-nic",
            "azurerm_public_ip.dev-ip",
            "azurerm_resource_group.linux-dev-rg",
            "azurerm_subnet.dev-subnet",
            "azurerm_virtual_network.dev-vnet"
          ]
        },
        {
          "index_key": 2,
          "schema_version": 0,
          "attributes": {
            "additional_capabilities": [],
            "admin_password": null,
            "admin_ssh_key": [
              {
                "public_key": "ssh-rsa AAAAB3NzaC1yc2EAAAADAQABAAABAQC+jX2supXda3naYNNB0MkkH8lV5/ybempqnoCchwNgCk6v3TdMqtUTjzJ3BdbEnXInwq336Tr9uqKEek9c9Q8FpHW9aMVHSzaVMsSvVtqbSn3UY1KKHjbIesPFq32zGdeeZ3drsJCz8ZkeXvPWT99PY9z7PWeITbZRM6POpDMTjYmoSt6FhYH5iWyswcOIlcW7bXPRF10ZBMA9BNuWUv4R+o3L69PFcVUgJeNnDhcSfiq2pcvWTJyiRFbq2wJU8Ed+VlRPApbLcQiRrYhJHzR1bemp6g71EdLBX0zUSzBy0GdjiJeLaSR2ZUTb9ejY1A0oXPK/at5x4iZboRDfDVB/ root@Ubuntu-1804-bionic-64-minimal",
                "username": "debian"
              }
            ],
            "admin_username": "debian",
            "allow_extension_operations": true,
            "availability_set_id": "",
            "boot_diagnostics": [],
            "computer_name": "dev-vm-2",
            "custom_data": "IyEvYmluL2Jhc2gNCnN1ZG8gYXB0LWdldCB1cGRhdGUgLXkgJiYNCnN1ZG8gYXB0LWdldCBpbnN0YWxsIC15IFwNCmFwdC10cmFuc3BvcnQtaHR0cHMgXA0KY2EtY2VydGlmaWNhdGVzIFwNCmN1cmwgXA0KZ251cGctYWdlbnQgXA0Kc29mdHdhcmUtcHJvcGVydGllcy1jb21tb24gJiYNCmN1cmwgLWZzU0wgaHR0cHM6Ly9kb3dubG9hZC5kb2NrZXIuY29tL2xpbnV4L3VidW50dS9ncGcgfCBzdWRvIGFwdC1rZXkgYWRkIC0gJiYNCnN1ZG8gYWRkLWFwdC1yZXBvc2l0b3J5ICJkZWIgW2FyY2g9YW1kNjRdIGh0dHBzOi8vZG93bmxvYWQuZG9ja2VyLmNvbS9saW51eC91YnVudHUgJChsc2JfcmVsZWFzZSAtY3MpIHN0YWJsZSIgJiYNCnN1ZG8gYXB0LWdldCB1cGRhdGUgLXkgJiYNCnN1ZG8gc3VkbyBhcHQtZ2V0IGluc3RhbGwgZG9ja2VyLWNlIGRvY2tlci1jZS1jbGkgY29udGFpbmVyZC5pbyAteSAmJg0Kc3VkbyB1c2VybW9kIC1hRyBkb2NrZXIgdWJ1bnR1",
            "dedicated_host_group_id": "",
            "dedicated_host_id": "",
            "disable_password_authentication": true,
            "edge_zone": "",
            "encryption_at_host_enabled": false,
            "eviction_policy": "",
            "extensions_time_budget": "PT1H30M",
            "id": "/subscriptions/ff46aedd-3714-4508-9566-642fefdc3b90/resourceGroups/linuxDev/providers/Microsoft.Compute/virtualMachines/dev-vm-2",
            "identity": [],
            "license_type": "",
            "location": "eastus",
            "max_bid_price": -1,
            "name": "dev-vm-2",
            "network_interface_ids": [
              "/subscriptions/ff46aedd-3714-4508-9566-642fefdc3b90/resourceGroups/linuxDev/providers/Microsoft.Network/networkInterfaces/dev-nic-2"
            ],
            "os_disk": [
              {
                "caching": "ReadWrite",
                "diff_disk_settings": [],
                "disk_encryption_set_id": "",
                "disk_size_gb": 30,
                "name": "dev-vm-2_OsDisk_1_580a0a044ed942f8af87910429bfdd1c",
                "storage_account_type": "Standard_LRS",
                "write_accelerator_enabled": false
              }
            ],
            "patch_mode": "ImageDefault",
            "plan": [],
            "platform_fault_domain": -1,
            "priority": "Regular",
            "private_ip_address": "10.123.1.7",
            "private_ip_addresses": [
              "10.123.1.7"
            ],
            "provision_vm_agent": true,
            "proximity_placement_group_id": "",
            "public_ip_address": "52.168.177.104",
            "public_ip_addresses": [
              "52.168.177.104"
            ],
            "resource_group_name": "linuxDev",
            "secret": [],
            "secure_boot_enabled": false,
            "size": "B2s",
            "source_image_id": "",
            "source_image_reference": [
              {
                "offer": "UbuntuServer",
                "publisher": "Canonical",
                "sku": "18_04-lts-gen2",
                "version": "latest"
              }
            ],
            "tags": {},
            "termination_notification": [],
            "timeouts": null,
            "user_data": "",
            "virtual_machine_id": "c2d40359-7586-4c53-82c9-d526af2cecd1",
            "virtual_machine_scale_set_id": "",
            "vtpm_enabled": false,
            "zone": ""
          },
          "sensitive_attributes": [],
          "private": "eyJlMmJmYjczMC1lY2FhLTExZTYtOGY4OC0zNDM2M2JjN2M0YzAiOnsiY3JlYXRlIjoyNzAwMDAwMDAwMDAwLCJkZWxldGUiOjI3MDAwMDAwMDAwMDAsInJlYWQiOjMwMDAwMDAwMDAwMCwidXBkYXRlIjoyNzAwMDAwMDAwMDAwfX0=",
          "dependencies": [
            "azurerm_network_interface.dev-nic",
            "azurerm_public_ip.dev-ip",
            "azurerm_resource_group.linux-dev-rg",
            "azurerm_subnet.dev-subnet",
            "azurerm_virtual_network.dev-vnet"
          ]
        },
        {
          "index_key": 3,
          "schema_version": 0,
          "attributes": {
            "additional_capabilities": [],
            "admin_password": null,
            "admin_ssh_key": [
              {
                "public_key": "ssh-rsa AAAAB3NzaC1yc2EAAAADAQABAAABAQC+jX2supXda3naYNNB0MkkH8lV5/ybempqnoCchwNgCk6v3TdMqtUTjzJ3BdbEnXInwq336Tr9uqKEek9c9Q8FpHW9aMVHSzaVMsSvVtqbSn3UY1KKHjbIesPFq32zGdeeZ3drsJCz8ZkeXvPWT99PY9z7PWeITbZRM6POpDMTjYmoSt6FhYH5iWyswcOIlcW7bXPRF10ZBMA9BNuWUv4R+o3L69PFcVUgJeNnDhcSfiq2pcvWTJyiRFbq2wJU8Ed+VlRPApbLcQiRrYhJHzR1bemp6g71EdLBX0zUSzBy0GdjiJeLaSR2ZUTb9ejY1A0oXPK/at5x4iZboRDfDVB/ root@Ubuntu-1804-bionic-64-minimal",
                "username": "debian"
              }
            ],
            "admin_username": "debian",
            "allow_extension_operations": true,
            "availability_set_id": "",
            "boot_diagnostics": [],
            "computer_name": "dev-vm-3",
            "custom_data": "IyEvYmluL2Jhc2gNCnN1ZG8gYXB0LWdldCB1cGRhdGUgLXkgJiYNCnN1ZG8gYXB0LWdldCBpbnN0YWxsIC15IFwNCmFwdC10cmFuc3BvcnQtaHR0cHMgXA0KY2EtY2VydGlmaWNhdGVzIFwNCmN1cmwgXA0KZ251cGctYWdlbnQgXA0Kc29mdHdhcmUtcHJvcGVydGllcy1jb21tb24gJiYNCmN1cmwgLWZzU0wgaHR0cHM6Ly9kb3dubG9hZC5kb2NrZXIuY29tL2xpbnV4L3VidW50dS9ncGcgfCBzdWRvIGFwdC1rZXkgYWRkIC0gJiYNCnN1ZG8gYWRkLWFwdC1yZXBvc2l0b3J5ICJkZWIgW2FyY2g9YW1kNjRdIGh0dHBzOi8vZG93bmxvYWQuZG9ja2VyLmNvbS9saW51eC91YnVudHUgJChsc2JfcmVsZWFzZSAtY3MpIHN0YWJsZSIgJiYNCnN1ZG8gYXB0LWdldCB1cGRhdGUgLXkgJiYNCnN1ZG8gc3VkbyBhcHQtZ2V0IGluc3RhbGwgZG9ja2VyLWNlIGRvY2tlci1jZS1jbGkgY29udGFpbmVyZC5pbyAteSAmJg0Kc3VkbyB1c2VybW9kIC1hRyBkb2NrZXIgdWJ1bnR1",
            "dedicated_host_group_id": "",
            "dedicated_host_id": "",
            "disable_password_authentication": true,
            "edge_zone": "",
            "encryption_at_host_enabled": false,
            "eviction_policy": "",
            "extensions_time_budget": "PT1H30M",
            "id": "/subscriptions/ff46aedd-3714-4508-9566-642fefdc3b90/resourceGroups/linuxDev/providers/Microsoft.Compute/virtualMachines/dev-vm-3",
            "identity": [],
            "license_type": "",
            "location": "eastus",
            "max_bid_price": -1,
            "name": "dev-vm-3",
            "network_interface_ids": [
              "/subscriptions/ff46aedd-3714-4508-9566-642fefdc3b90/resourceGroups/linuxDev/providers/Microsoft.Network/networkInterfaces/dev-nic-3"
            ],
            "os_disk": [
              {
                "caching": "ReadWrite",
                "diff_disk_settings": [],
                "disk_encryption_set_id": "",
                "disk_size_gb": 30,
                "name": "dev-vm-3_OsDisk_1_76c1f727eace4721ac0c7151243700f5",
                "storage_account_type": "Standard_LRS",
                "write_accelerator_enabled": false
              }
            ],
            "patch_mode": "ImageDefault",
            "plan": [],
            "platform_fault_domain": -1,
            "priority": "Regular",
            "private_ip_address": "10.123.1.4",
            "private_ip_addresses": [
              "10.123.1.4"
            ],
            "provision_vm_agent": true,
            "proximity_placement_group_id": "",
            "public_ip_address": "52.168.180.95",
            "public_ip_addresses": [
              "52.168.180.95"
            ],
            "resource_group_name": "linuxDev",
            "secret": [],
            "secure_boot_enabled": false,
            "size": "B2s",
            "source_image_id": "",
            "source_image_reference": [
              {
                "offer": "UbuntuServer",
                "publisher": "Canonical",
                "sku": "18_04-lts-gen2",
                "version": "latest"
              }
            ],
            "tags": {},
            "termination_notification": [],
            "timeouts": null,
            "user_data": "",
            "virtual_machine_id": "abec1e1f-d690-4b37-a1db-aa0e7fdbd4a9",
            "virtual_machine_scale_set_id": "",
            "vtpm_enabled": false,
            "zone": ""
          },
          "sensitive_attributes": [],
          "private": "eyJlMmJmYjczMC1lY2FhLTExZTYtOGY4OC0zNDM2M2JjN2M0YzAiOnsiY3JlYXRlIjoyNzAwMDAwMDAwMDAwLCJkZWxldGUiOjI3MDAwMDAwMDAwMDAsInJlYWQiOjMwMDAwMDAwMDAwMCwidXBkYXRlIjoyNzAwMDAwMDAwMDAwfX0=",
          "dependencies": [
            "azurerm_network_interface.dev-nic",
            "azurerm_public_ip.dev-ip",
            "azurerm_resource_group.linux-dev-rg",
            "azurerm_subnet.dev-subnet",
            "azurerm_virtual_network.dev-vnet"
          ]
        },
        {
          "index_key": 4,
          "schema_version": 0,
          "attributes": {
            "additional_capabilities": [],
            "admin_password": null,
            "admin_ssh_key": [
              {
                "public_key": "ssh-rsa AAAAB3NzaC1yc2EAAAADAQABAAABAQC+jX2supXda3naYNNB0MkkH8lV5/ybempqnoCchwNgCk6v3TdMqtUTjzJ3BdbEnXInwq336Tr9uqKEek9c9Q8FpHW9aMVHSzaVMsSvVtqbSn3UY1KKHjbIesPFq32zGdeeZ3drsJCz8ZkeXvPWT99PY9z7PWeITbZRM6POpDMTjYmoSt6FhYH5iWyswcOIlcW7bXPRF10ZBMA9BNuWUv4R+o3L69PFcVUgJeNnDhcSfiq2pcvWTJyiRFbq2wJU8Ed+VlRPApbLcQiRrYhJHzR1bemp6g71EdLBX0zUSzBy0GdjiJeLaSR2ZUTb9ejY1A0oXPK/at5x4iZboRDfDVB/ root@Ubuntu-1804-bionic-64-minimal",
                "username": "debian"
              }
            ],
            "admin_username": "debian",
            "allow_extension_operations": true,
            "availability_set_id": "",
            "boot_diagnostics": [],
            "computer_name": "dev-vm-4",
            "custom_data": "IyEvYmluL2Jhc2gNCnN1ZG8gYXB0LWdldCB1cGRhdGUgLXkgJiYNCnN1ZG8gYXB0LWdldCBpbnN0YWxsIC15IFwNCmFwdC10cmFuc3BvcnQtaHR0cHMgXA0KY2EtY2VydGlmaWNhdGVzIFwNCmN1cmwgXA0KZ251cGctYWdlbnQgXA0Kc29mdHdhcmUtcHJvcGVydGllcy1jb21tb24gJiYNCmN1cmwgLWZzU0wgaHR0cHM6Ly9kb3dubG9hZC5kb2NrZXIuY29tL2xpbnV4L3VidW50dS9ncGcgfCBzdWRvIGFwdC1rZXkgYWRkIC0gJiYNCnN1ZG8gYWRkLWFwdC1yZXBvc2l0b3J5ICJkZWIgW2FyY2g9YW1kNjRdIGh0dHBzOi8vZG93bmxvYWQuZG9ja2VyLmNvbS9saW51eC91YnVudHUgJChsc2JfcmVsZWFzZSAtY3MpIHN0YWJsZSIgJiYNCnN1ZG8gYXB0LWdldCB1cGRhdGUgLXkgJiYNCnN1ZG8gc3VkbyBhcHQtZ2V0IGluc3RhbGwgZG9ja2VyLWNlIGRvY2tlci1jZS1jbGkgY29udGFpbmVyZC5pbyAteSAmJg0Kc3VkbyB1c2VybW9kIC1hRyBkb2NrZXIgdWJ1bnR1",
            "dedicated_host_group_id": "",
            "dedicated_host_id": "",
            "disable_password_authentication": true,
            "edge_zone": "",
            "encryption_at_host_enabled": false,
            "eviction_policy": "",
            "extensions_time_budget": "PT1H30M",
            "id": "/subscriptions/ff46aedd-3714-4508-9566-642fefdc3b90/resourceGroups/linuxDev/providers/Microsoft.Compute/virtualMachines/dev-vm-4",
            "identity": [],
            "license_type": "",
            "location": "eastus",
            "max_bid_price": -1,
            "name": "dev-vm-4",
            "network_interface_ids": [
              "/subscriptions/ff46aedd-3714-4508-9566-642fefdc3b90/resourceGroups/linuxDev/providers/Microsoft.Network/networkInterfaces/dev-nic-4"
            ],
            "os_disk": [
              {
                "caching": "ReadWrite",
                "diff_disk_settings": [],
                "disk_encryption_set_id": "",
                "disk_size_gb": 30,
                "name": "dev-vm-4_OsDisk_1_e87fb1511dbd41288dc24e61ff023c21",
                "storage_account_type": "Standard_LRS",
                "write_accelerator_enabled": false
              }
            ],
            "patch_mode": "ImageDefault",
            "plan": [],
            "platform_fault_domain": -1,
            "priority": "Regular",
            "private_ip_address": "10.123.1.6",
            "private_ip_addresses": [
              "10.123.1.6"
            ],
            "provision_vm_agent": true,
            "proximity_placement_group_id": "",
            "public_ip_address": "52.168.180.10",
            "public_ip_addresses": [
              "52.168.180.10"
            ],
            "resource_group_name": "linuxDev",
            "secret": [],
            "secure_boot_enabled": false,
            "size": "B2s",
            "source_image_id": "",
            "source_image_reference": [
              {
                "offer": "UbuntuServer",
                "publisher": "Canonical",
                "sku": "18_04-lts-gen2",
                "version": "latest"
              }
            ],
            "tags": {},
            "termination_notification": [],
            "timeouts": null,
            "user_data": "",
            "virtual_machine_id": "da6d219f-66ee-4246-9e80-d9497dc3c68b",
            "virtual_machine_scale_set_id": "",
            "vtpm_enabled": false,
            "zone": ""
          },
          "sensitive_attributes": [],
          "private": "eyJlMmJmYjczMC1lY2FhLTExZTYtOGY4OC0zNDM2M2JjN2M0YzAiOnsiY3JlYXRlIjoyNzAwMDAwMDAwMDAwLCJkZWxldGUiOjI3MDAwMDAwMDAwMDAsInJlYWQiOjMwMDAwMDAwMDAwMCwidXBkYXRlIjoyNzAwMDAwMDAwMDAwfX0=",
          "dependencies": [
            "azurerm_network_interface.dev-nic",
            "azurerm_public_ip.dev-ip",
            "azurerm_resource_group.linux-dev-rg",
            "azurerm_subnet.dev-subnet",
            "azurerm_virtual_network.dev-vnet"
          ]
        }
      ]
    },
    {
      "mode": "managed",
      "type": "azurerm_network_interface",
      "name": "dev-nic",
      "provider": "provider[\"registry.terraform.io/hashicorp/azurerm\"]",
      "instances": [
        {
          "index_key": 0,
          "schema_version": 0,
          "attributes": {
            "applied_dns_servers": [],
            "dns_servers": [],
            "edge_zone": "",
            "enable_accelerated_networking": false,
            "enable_ip_forwarding": false,
            "id": "/subscriptions/ff46aedd-3714-4508-9566-642fefdc3b90/resourceGroups/linuxDev/providers/Microsoft.Network/networkInterfaces/dev-nic-0",
            "internal_dns_name_label": "",
            "internal_domain_name_suffix": "ngq0gqgljatu5h1nk0uvorsw3a.bx.internal.cloudapp.net",
            "ip_configuration": [
              {
                "gateway_load_balancer_frontend_ip_configuration_id": "",
                "name": "internal",
                "primary": true,
                "private_ip_address": "10.123.1.5",
                "private_ip_address_allocation": "Dynamic",
                "private_ip_address_version": "IPv4",
                "public_ip_address_id": "/subscriptions/ff46aedd-3714-4508-9566-642fefdc3b90/resourceGroups/linuxDev/providers/Microsoft.Network/publicIPAddresses/dev-ip-0",
                "subnet_id": "/subscriptions/ff46aedd-3714-4508-9566-642fefdc3b90/resourceGroups/linuxDev/providers/Microsoft.Network/virtualNetworks/dev-network/subnets/subnet1"
              }
            ],
            "location": "eastus",
            "mac_address": "60-45-BD-D8-40-12",
            "name": "dev-nic-0",
            "private_ip_address": "10.123.1.5",
            "private_ip_addresses": [
              "10.123.1.5"
            ],
            "resource_group_name": "linuxDev",
            "tags": {
              "environment": "dev"
            },
            "timeouts": null,
            "virtual_machine_id": "/subscriptions/ff46aedd-3714-4508-9566-642fefdc3b90/resourceGroups/linuxDev/providers/Microsoft.Compute/virtualMachines/dev-vm-0"
          },
          "sensitive_attributes": [],
          "private": "eyJlMmJmYjczMC1lY2FhLTExZTYtOGY4OC0zNDM2M2JjN2M0YzAiOnsiY3JlYXRlIjoxODAwMDAwMDAwMDAwLCJkZWxldGUiOjE4MDAwMDAwMDAwMDAsInJlYWQiOjMwMDAwMDAwMDAwMCwidXBkYXRlIjoxODAwMDAwMDAwMDAwfX0=",
          "dependencies": [
            "azurerm_public_ip.dev-ip",
            "azurerm_resource_group.linux-dev-rg",
            "azurerm_subnet.dev-subnet",
            "azurerm_virtual_network.dev-vnet"
          ]
        },
        {
          "index_key": 1,
          "schema_version": 0,
          "attributes": {
            "applied_dns_servers": [],
            "dns_servers": [],
            "edge_zone": "",
            "enable_accelerated_networking": false,
            "enable_ip_forwarding": false,
            "id": "/subscriptions/ff46aedd-3714-4508-9566-642fefdc3b90/resourceGroups/linuxDev/providers/Microsoft.Network/networkInterfaces/dev-nic-1",
            "internal_dns_name_label": "",
            "internal_domain_name_suffix": "ngq0gqgljatu5h1nk0uvorsw3a.bx.internal.cloudapp.net",
            "ip_configuration": [
              {
                "gateway_load_balancer_frontend_ip_configuration_id": "",
                "name": "internal",
                "primary": true,
                "private_ip_address": "10.123.1.8",
                "private_ip_address_allocation": "Dynamic",
                "private_ip_address_version": "IPv4",
                "public_ip_address_id": "/subscriptions/ff46aedd-3714-4508-9566-642fefdc3b90/resourceGroups/linuxDev/providers/Microsoft.Network/publicIPAddresses/dev-ip-1",
                "subnet_id": "/subscriptions/ff46aedd-3714-4508-9566-642fefdc3b90/resourceGroups/linuxDev/providers/Microsoft.Network/virtualNetworks/dev-network/subnets/subnet1"
              }
            ],
            "location": "eastus",
            "mac_address": "60-45-BD-D4-26-DD",
            "name": "dev-nic-1",
            "private_ip_address": "10.123.1.8",
            "private_ip_addresses": [
              "10.123.1.8"
            ],
            "resource_group_name": "linuxDev",
            "tags": {
              "environment": "dev"
            },
            "timeouts": null,
            "virtual_machine_id": "/subscriptions/ff46aedd-3714-4508-9566-642fefdc3b90/resourceGroups/linuxDev/providers/Microsoft.Compute/virtualMachines/dev-vm-1"
          },
          "sensitive_attributes": [],
          "private": "eyJlMmJmYjczMC1lY2FhLTExZTYtOGY4OC0zNDM2M2JjN2M0YzAiOnsiY3JlYXRlIjoxODAwMDAwMDAwMDAwLCJkZWxldGUiOjE4MDAwMDAwMDAwMDAsInJlYWQiOjMwMDAwMDAwMDAwMCwidXBkYXRlIjoxODAwMDAwMDAwMDAwfX0=",
          "dependencies": [
            "azurerm_public_ip.dev-ip",
            "azurerm_resource_group.linux-dev-rg",
            "azurerm_subnet.dev-subnet",
            "azurerm_virtual_network.dev-vnet"
          ]
        },
        {
          "index_key": 2,
          "schema_version": 0,
          "attributes": {
            "applied_dns_servers": [],
            "dns_servers": [],
            "edge_zone": "",
            "enable_accelerated_networking": false,
            "enable_ip_forwarding": false,
            "id": "/subscriptions/ff46aedd-3714-4508-9566-642fefdc3b90/resourceGroups/linuxDev/providers/Microsoft.Network/networkInterfaces/dev-nic-2",
            "internal_dns_name_label": "",
            "internal_domain_name_suffix": "ngq0gqgljatu5h1nk0uvorsw3a.bx.internal.cloudapp.net",
            "ip_configuration": [
              {
                "gateway_load_balancer_frontend_ip_configuration_id": "",
                "name": "internal",
                "primary": true,
                "private_ip_address": "10.123.1.7",
                "private_ip_address_allocation": "Dynamic",
                "private_ip_address_version": "IPv4",
                "public_ip_address_id": "/subscriptions/ff46aedd-3714-4508-9566-642fefdc3b90/resourceGroups/linuxDev/providers/Microsoft.Network/publicIPAddresses/dev-ip-2",
                "subnet_id": "/subscriptions/ff46aedd-3714-4508-9566-642fefdc3b90/resourceGroups/linuxDev/providers/Microsoft.Network/virtualNetworks/dev-network/subnets/subnet1"
              }
            ],
            "location": "eastus",
            "mac_address": "60-45-BD-FF-DE-5A",
            "name": "dev-nic-2",
            "private_ip_address": "10.123.1.7",
            "private_ip_addresses": [
              "10.123.1.7"
            ],
            "resource_group_name": "linuxDev",
            "tags": {
              "environment": "dev"
            },
            "timeouts": null,
            "virtual_machine_id": "/subscriptions/ff46aedd-3714-4508-9566-642fefdc3b90/resourceGroups/linuxDev/providers/Microsoft.Compute/virtualMachines/dev-vm-2"
          },
          "sensitive_attributes": [],
          "private": "eyJlMmJmYjczMC1lY2FhLTExZTYtOGY4OC0zNDM2M2JjN2M0YzAiOnsiY3JlYXRlIjoxODAwMDAwMDAwMDAwLCJkZWxldGUiOjE4MDAwMDAwMDAwMDAsInJlYWQiOjMwMDAwMDAwMDAwMCwidXBkYXRlIjoxODAwMDAwMDAwMDAwfX0=",
          "dependencies": [
            "azurerm_public_ip.dev-ip",
            "azurerm_resource_group.linux-dev-rg",
            "azurerm_subnet.dev-subnet",
            "azurerm_virtual_network.dev-vnet"
          ]
        },
        {
          "index_key": 3,
          "schema_version": 0,
          "attributes": {
            "applied_dns_servers": [],
            "dns_servers": [],
            "edge_zone": "",
            "enable_accelerated_networking": false,
            "enable_ip_forwarding": false,
            "id": "/subscriptions/ff46aedd-3714-4508-9566-642fefdc3b90/resourceGroups/linuxDev/providers/Microsoft.Network/networkInterfaces/dev-nic-3",
            "internal_dns_name_label": "",
            "internal_domain_name_suffix": "ngq0gqgljatu5h1nk0uvorsw3a.bx.internal.cloudapp.net",
            "ip_configuration": [
              {
                "gateway_load_balancer_frontend_ip_configuration_id": "",
                "name": "internal",
                "primary": true,
                "private_ip_address": "10.123.1.4",
                "private_ip_address_allocation": "Dynamic",
                "private_ip_address_version": "IPv4",
                "public_ip_address_id": "/subscriptions/ff46aedd-3714-4508-9566-642fefdc3b90/resourceGroups/linuxDev/providers/Microsoft.Network/publicIPAddresses/dev-ip-3",
                "subnet_id": "/subscriptions/ff46aedd-3714-4508-9566-642fefdc3b90/resourceGroups/linuxDev/providers/Microsoft.Network/virtualNetworks/dev-network/subnets/subnet1"
              }
            ],
            "location": "eastus",
            "mac_address": "7C-1E-52-01-EF-51",
            "name": "dev-nic-3",
            "private_ip_address": "10.123.1.4",
            "private_ip_addresses": [
              "10.123.1.4"
            ],
            "resource_group_name": "linuxDev",
            "tags": {
              "environment": "dev"
            },
            "timeouts": null,
            "virtual_machine_id": "/subscriptions/ff46aedd-3714-4508-9566-642fefdc3b90/resourceGroups/linuxDev/providers/Microsoft.Compute/virtualMachines/dev-vm-3"
          },
          "sensitive_attributes": [],
          "private": "eyJlMmJmYjczMC1lY2FhLTExZTYtOGY4OC0zNDM2M2JjN2M0YzAiOnsiY3JlYXRlIjoxODAwMDAwMDAwMDAwLCJkZWxldGUiOjE4MDAwMDAwMDAwMDAsInJlYWQiOjMwMDAwMDAwMDAwMCwidXBkYXRlIjoxODAwMDAwMDAwMDAwfX0=",
          "dependencies": [
            "azurerm_public_ip.dev-ip",
            "azurerm_resource_group.linux-dev-rg",
            "azurerm_subnet.dev-subnet",
            "azurerm_virtual_network.dev-vnet"
          ]
        },
        {
          "index_key": 4,
          "schema_version": 0,
          "attributes": {
            "applied_dns_servers": [],
            "dns_servers": [],
            "edge_zone": "",
            "enable_accelerated_networking": false,
            "enable_ip_forwarding": false,
            "id": "/subscriptions/ff46aedd-3714-4508-9566-642fefdc3b90/resourceGroups/linuxDev/providers/Microsoft.Network/networkInterfaces/dev-nic-4",
            "internal_dns_name_label": "",
            "internal_domain_name_suffix": "ngq0gqgljatu5h1nk0uvorsw3a.bx.internal.cloudapp.net",
            "ip_configuration": [
              {
                "gateway_load_balancer_frontend_ip_configuration_id": "",
                "name": "internal",
                "primary": true,
                "private_ip_address": "10.123.1.6",
                "private_ip_address_allocation": "Dynamic",
                "private_ip_address_version": "IPv4",
                "public_ip_address_id": "/subscriptions/ff46aedd-3714-4508-9566-642fefdc3b90/resourceGroups/linuxDev/providers/Microsoft.Network/publicIPAddresses/dev-ip-4",
                "subnet_id": "/subscriptions/ff46aedd-3714-4508-9566-642fefdc3b90/resourceGroups/linuxDev/providers/Microsoft.Network/virtualNetworks/dev-network/subnets/subnet1"
              }
            ],
            "location": "eastus",
            "mac_address": "60-45-BD-D6-39-34",
            "name": "dev-nic-4",
            "private_ip_address": "10.123.1.6",
            "private_ip_addresses": [
              "10.123.1.6"
            ],
            "resource_group_name": "linuxDev",
            "tags": {
              "environment": "dev"
            },
            "timeouts": null,
            "virtual_machine_id": "/subscriptions/ff46aedd-3714-4508-9566-642fefdc3b90/resourceGroups/linuxDev/providers/Microsoft.Compute/virtualMachines/dev-vm-4"
          },
          "sensitive_attributes": [],
          "private": "eyJlMmJmYjczMC1lY2FhLTExZTYtOGY4OC0zNDM2M2JjN2M0YzAiOnsiY3JlYXRlIjoxODAwMDAwMDAwMDAwLCJkZWxldGUiOjE4MDAwMDAwMDAwMDAsInJlYWQiOjMwMDAwMDAwMDAwMCwidXBkYXRlIjoxODAwMDAwMDAwMDAwfX0=",
          "dependencies": [
            "azurerm_public_ip.dev-ip",
            "azurerm_resource_group.linux-dev-rg",
            "azurerm_subnet.dev-subnet",
            "azurerm_virtual_network.dev-vnet"
          ]
        },
        {
          "index_key": 5,
          "schema_version": 0,
          "attributes": {
            "applied_dns_servers": [],
            "dns_servers": [],
            "edge_zone": "",
            "enable_accelerated_networking": false,
            "enable_ip_forwarding": false,
            "id": "/subscriptions/ff46aedd-3714-4508-9566-642fefdc3b90/resourceGroups/linuxDev/providers/Microsoft.Network/networkInterfaces/dev-nic-5",
            "internal_dns_name_label": "",
            "internal_domain_name_suffix": "ngq0gqgljatu5h1nk0uvorsw3a.bx.internal.cloudapp.net",
            "ip_configuration": [
              {
                "gateway_load_balancer_frontend_ip_configuration_id": "",
                "name": "internal",
                "primary": true,
                "private_ip_address": "10.123.1.13",
                "private_ip_address_allocation": "Dynamic",
                "private_ip_address_version": "IPv4",
                "public_ip_address_id": "/subscriptions/ff46aedd-3714-4508-9566-642fefdc3b90/resourceGroups/linuxDev/providers/Microsoft.Network/publicIPAddresses/dev-ip-5",
                "subnet_id": "/subscriptions/ff46aedd-3714-4508-9566-642fefdc3b90/resourceGroups/linuxDev/providers/Microsoft.Network/virtualNetworks/dev-network/subnets/subnet1"
              }
            ],
            "location": "eastus",
            "mac_address": "",
            "name": "dev-nic-5",
            "private_ip_address": "10.123.1.13",
            "private_ip_addresses": [
              "10.123.1.13"
            ],
            "resource_group_name": "linuxDev",
            "tags": {
              "environment": "dev"
            },
            "timeouts": null,
            "virtual_machine_id": ""
          },
          "sensitive_attributes": [],
          "private": "eyJlMmJmYjczMC1lY2FhLTExZTYtOGY4OC0zNDM2M2JjN2M0YzAiOnsiY3JlYXRlIjoxODAwMDAwMDAwMDAwLCJkZWxldGUiOjE4MDAwMDAwMDAwMDAsInJlYWQiOjMwMDAwMDAwMDAwMCwidXBkYXRlIjoxODAwMDAwMDAwMDAwfX0=",
          "dependencies": [
            "azurerm_public_ip.dev-ip",
            "azurerm_resource_group.linux-dev-rg",
            "azurerm_subnet.dev-subnet",
            "azurerm_virtual_network.dev-vnet"
          ]
        },
        {
          "index_key": 6,
          "schema_version": 0,
          "attributes": {
            "applied_dns_servers": [],
            "dns_servers": [],
            "edge_zone": "",
            "enable_accelerated_networking": false,
            "enable_ip_forwarding": false,
            "id": "/subscriptions/ff46aedd-3714-4508-9566-642fefdc3b90/resourceGroups/linuxDev/providers/Microsoft.Network/networkInterfaces/dev-nic-6",
            "internal_dns_name_label": "",
            "internal_domain_name_suffix": "ngq0gqgljatu5h1nk0uvorsw3a.bx.internal.cloudapp.net",
            "ip_configuration": [
              {
                "gateway_load_balancer_frontend_ip_configuration_id": "",
                "name": "internal",
                "primary": true,
                "private_ip_address": "10.123.1.11",
                "private_ip_address_allocation": "Dynamic",
                "private_ip_address_version": "IPv4",
                "public_ip_address_id": "/subscriptions/ff46aedd-3714-4508-9566-642fefdc3b90/resourceGroups/linuxDev/providers/Microsoft.Network/publicIPAddresses/dev-ip-6",
                "subnet_id": "/subscriptions/ff46aedd-3714-4508-9566-642fefdc3b90/resourceGroups/linuxDev/providers/Microsoft.Network/virtualNetworks/dev-network/subnets/subnet1"
              }
            ],
            "location": "eastus",
            "mac_address": "",
            "name": "dev-nic-6",
            "private_ip_address": "10.123.1.11",
            "private_ip_addresses": [
              "10.123.1.11"
            ],
            "resource_group_name": "linuxDev",
            "tags": {
              "environment": "dev"
            },
            "timeouts": null,
            "virtual_machine_id": ""
          },
          "sensitive_attributes": [],
          "private": "eyJlMmJmYjczMC1lY2FhLTExZTYtOGY4OC0zNDM2M2JjN2M0YzAiOnsiY3JlYXRlIjoxODAwMDAwMDAwMDAwLCJkZWxldGUiOjE4MDAwMDAwMDAwMDAsInJlYWQiOjMwMDAwMDAwMDAwMCwidXBkYXRlIjoxODAwMDAwMDAwMDAwfX0=",
          "dependencies": [
            "azurerm_public_ip.dev-ip",
            "azurerm_resource_group.linux-dev-rg",
            "azurerm_subnet.dev-subnet",
            "azurerm_virtual_network.dev-vnet"
          ]
        },
        {
          "index_key": 7,
          "schema_version": 0,
          "attributes": {
            "applied_dns_servers": [],
            "dns_servers": [],
            "edge_zone": "",
            "enable_accelerated_networking": false,
            "enable_ip_forwarding": false,
            "id": "/subscriptions/ff46aedd-3714-4508-9566-642fefdc3b90/resourceGroups/linuxDev/providers/Microsoft.Network/networkInterfaces/dev-nic-7",
            "internal_dns_name_label": "",
            "internal_domain_name_suffix": "ngq0gqgljatu5h1nk0uvorsw3a.bx.internal.cloudapp.net",
            "ip_configuration": [
              {
                "gateway_load_balancer_frontend_ip_configuration_id": "",
                "name": "internal",
                "primary": true,
                "private_ip_address": "10.123.1.10",
                "private_ip_address_allocation": "Dynamic",
                "private_ip_address_version": "IPv4",
                "public_ip_address_id": "/subscriptions/ff46aedd-3714-4508-9566-642fefdc3b90/resourceGroups/linuxDev/providers/Microsoft.Network/publicIPAddresses/dev-ip-7",
                "subnet_id": "/subscriptions/ff46aedd-3714-4508-9566-642fefdc3b90/resourceGroups/linuxDev/providers/Microsoft.Network/virtualNetworks/dev-network/subnets/subnet1"
              }
            ],
            "location": "eastus",
            "mac_address": "",
            "name": "dev-nic-7",
            "private_ip_address": "10.123.1.10",
            "private_ip_addresses": [
              "10.123.1.10"
            ],
            "resource_group_name": "linuxDev",
            "tags": {
              "environment": "dev"
            },
            "timeouts": null,
            "virtual_machine_id": ""
          },
          "sensitive_attributes": [],
          "private": "eyJlMmJmYjczMC1lY2FhLTExZTYtOGY4OC0zNDM2M2JjN2M0YzAiOnsiY3JlYXRlIjoxODAwMDAwMDAwMDAwLCJkZWxldGUiOjE4MDAwMDAwMDAwMDAsInJlYWQiOjMwMDAwMDAwMDAwMCwidXBkYXRlIjoxODAwMDAwMDAwMDAwfX0=",
          "dependencies": [
            "azurerm_public_ip.dev-ip",
            "azurerm_resource_group.linux-dev-rg",
            "azurerm_subnet.dev-subnet",
            "azurerm_virtual_network.dev-vnet"
          ]
        },
        {
          "index_key": 8,
          "schema_version": 0,
          "attributes": {
            "applied_dns_servers": [],
            "dns_servers": [],
            "edge_zone": "",
            "enable_accelerated_networking": false,
            "enable_ip_forwarding": false,
            "id": "/subscriptions/ff46aedd-3714-4508-9566-642fefdc3b90/resourceGroups/linuxDev/providers/Microsoft.Network/networkInterfaces/dev-nic-8",
            "internal_dns_name_label": "",
            "internal_domain_name_suffix": "ngq0gqgljatu5h1nk0uvorsw3a.bx.internal.cloudapp.net",
            "ip_configuration": [
              {
                "gateway_load_balancer_frontend_ip_configuration_id": "",
                "name": "internal",
                "primary": true,
                "private_ip_address": "10.123.1.9",
                "private_ip_address_allocation": "Dynamic",
                "private_ip_address_version": "IPv4",
                "public_ip_address_id": "/subscriptions/ff46aedd-3714-4508-9566-642fefdc3b90/resourceGroups/linuxDev/providers/Microsoft.Network/publicIPAddresses/dev-ip-8",
                "subnet_id": "/subscriptions/ff46aedd-3714-4508-9566-642fefdc3b90/resourceGroups/linuxDev/providers/Microsoft.Network/virtualNetworks/dev-network/subnets/subnet1"
              }
            ],
            "location": "eastus",
            "mac_address": "",
            "name": "dev-nic-8",
            "private_ip_address": "10.123.1.9",
            "private_ip_addresses": [
              "10.123.1.9"
            ],
            "resource_group_name": "linuxDev",
            "tags": {
              "environment": "dev"
            },
            "timeouts": null,
            "virtual_machine_id": ""
          },
          "sensitive_attributes": [],
          "private": "eyJlMmJmYjczMC1lY2FhLTExZTYtOGY4OC0zNDM2M2JjN2M0YzAiOnsiY3JlYXRlIjoxODAwMDAwMDAwMDAwLCJkZWxldGUiOjE4MDAwMDAwMDAwMDAsInJlYWQiOjMwMDAwMDAwMDAwMCwidXBkYXRlIjoxODAwMDAwMDAwMDAwfX0=",
          "dependencies": [
            "azurerm_public_ip.dev-ip",
            "azurerm_resource_group.linux-dev-rg",
            "azurerm_subnet.dev-subnet",
            "azurerm_virtual_network.dev-vnet"
          ]
        },
        {
          "index_key": 9,
          "schema_version": 0,
          "attributes": {
            "applied_dns_servers": [],
            "dns_servers": [],
            "edge_zone": "",
            "enable_accelerated_networking": false,
            "enable_ip_forwarding": false,
            "id": "/subscriptions/ff46aedd-3714-4508-9566-642fefdc3b90/resourceGroups/linuxDev/providers/Microsoft.Network/networkInterfaces/dev-nic-9",
            "internal_dns_name_label": "",
            "internal_domain_name_suffix": "ngq0gqgljatu5h1nk0uvorsw3a.bx.internal.cloudapp.net",
            "ip_configuration": [
              {
                "gateway_load_balancer_frontend_ip_configuration_id": "",
                "name": "internal",
                "primary": true,
                "private_ip_address": "10.123.1.12",
                "private_ip_address_allocation": "Dynamic",
                "private_ip_address_version": "IPv4",
                "public_ip_address_id": "/subscriptions/ff46aedd-3714-4508-9566-642fefdc3b90/resourceGroups/linuxDev/providers/Microsoft.Network/publicIPAddresses/dev-ip-9",
                "subnet_id": "/subscriptions/ff46aedd-3714-4508-9566-642fefdc3b90/resourceGroups/linuxDev/providers/Microsoft.Network/virtualNetworks/dev-network/subnets/subnet1"
              }
            ],
            "location": "eastus",
            "mac_address": "",
            "name": "dev-nic-9",
            "private_ip_address": "10.123.1.12",
            "private_ip_addresses": [
              "10.123.1.12"
            ],
            "resource_group_name": "linuxDev",
            "tags": {
              "environment": "dev"
            },
            "timeouts": null,
            "virtual_machine_id": ""
          },
          "sensitive_attributes": [],
          "private": "eyJlMmJmYjczMC1lY2FhLTExZTYtOGY4OC0zNDM2M2JjN2M0YzAiOnsiY3JlYXRlIjoxODAwMDAwMDAwMDAwLCJkZWxldGUiOjE4MDAwMDAwMDAwMDAsInJlYWQiOjMwMDAwMDAwMDAwMCwidXBkYXRlIjoxODAwMDAwMDAwMDAwfX0=",
          "dependencies": [
            "azurerm_public_ip.dev-ip",
            "azurerm_resource_group.linux-dev-rg",
            "azurerm_subnet.dev-subnet",
            "azurerm_virtual_network.dev-vnet"
          ]
        }
      ]
    },
    {
      "mode": "managed",
      "type": "azurerm_network_security_group",
      "name": "dev-nsg",
      "provider": "provider[\"registry.terraform.io/hashicorp/azurerm\"]",
      "instances": [
        {
          "schema_version": 0,
          "attributes": {
            "id": "/subscriptions/ff46aedd-3714-4508-9566-642fefdc3b90/resourceGroups/linuxDev/providers/Microsoft.Network/networkSecurityGroups/dev-nsg",
            "location": "eastus",
            "name": "dev-nsg",
            "resource_group_name": "linuxDev",
            "security_rule": [
              {
                "access": "Allow",
                "description": "",
                "destination_address_prefix": "*",
                "destination_address_prefixes": [],
                "destination_application_security_group_ids": [],
                "destination_port_range": "*",
                "destination_port_ranges": [],
                "direction": "Inbound",
                "name": "dev-rule",
                "priority": 100,
                "protocol": "*",
                "source_address_prefix": "*",
                "source_address_prefixes": [],
                "source_application_security_group_ids": [],
                "source_port_range": "*",
                "source_port_ranges": []
              }
            ],
            "tags": {
              "environment": "dev"
            },
            "timeouts": null
          },
          "sensitive_attributes": [],
          "private": "eyJlMmJmYjczMC1lY2FhLTExZTYtOGY4OC0zNDM2M2JjN2M0YzAiOnsiY3JlYXRlIjoxODAwMDAwMDAwMDAwLCJkZWxldGUiOjE4MDAwMDAwMDAwMDAsInJlYWQiOjMwMDAwMDAwMDAwMCwidXBkYXRlIjoxODAwMDAwMDAwMDAwfX0=",
          "dependencies": [
            "azurerm_resource_group.linux-dev-rg"
          ]
        }
      ]
    },
    {
      "mode": "managed",
      "type": "azurerm_network_security_rule",
      "name": "dev-rule",
      "provider": "provider[\"registry.terraform.io/hashicorp/azurerm\"]",
      "instances": [
        {
          "schema_version": 0,
          "attributes": {
            "access": "Allow",
            "description": "",
            "destination_address_prefix": "*",
            "destination_address_prefixes": [],
            "destination_application_security_group_ids": [],
            "destination_port_range": "*",
            "destination_port_ranges": [],
            "direction": "Inbound",
            "id": "/subscriptions/ff46aedd-3714-4508-9566-642fefdc3b90/resourceGroups/linuxDev/providers/Microsoft.Network/networkSecurityGroups/dev-nsg/securityRules/dev-rule",
            "name": "dev-rule",
            "network_security_group_name": "dev-nsg",
            "priority": 100,
            "protocol": "*",
            "resource_group_name": "linuxDev",
            "source_address_prefix": "*",
            "source_address_prefixes": [],
            "source_application_security_group_ids": [],
            "source_port_range": "*",
            "source_port_ranges": [],
            "timeouts": null
          },
          "sensitive_attributes": [],
          "private": "eyJlMmJmYjczMC1lY2FhLTExZTYtOGY4OC0zNDM2M2JjN2M0YzAiOnsiY3JlYXRlIjoxODAwMDAwMDAwMDAwLCJkZWxldGUiOjE4MDAwMDAwMDAwMDAsInJlYWQiOjMwMDAwMDAwMDAwMCwidXBkYXRlIjoxODAwMDAwMDAwMDAwfX0=",
          "dependencies": [
            "azurerm_network_security_group.dev-nsg",
            "azurerm_resource_group.linux-dev-rg"
          ]
        }
      ]
    },
    {
      "mode": "managed",
      "type": "azurerm_public_ip",
      "name": "dev-ip",
      "provider": "provider[\"registry.terraform.io/hashicorp/azurerm\"]",
      "instances": [
        {
          "index_key": 0,
          "schema_version": 0,
          "attributes": {
            "allocation_method": "Dynamic",
            "domain_name_label": null,
            "edge_zone": "",
            "fqdn": null,
            "id": "/subscriptions/ff46aedd-3714-4508-9566-642fefdc3b90/resourceGroups/linuxDev/providers/Microsoft.Network/publicIPAddresses/dev-ip-0",
            "idle_timeout_in_minutes": 4,
            "ip_address": "52.168.183.55",
            "ip_tags": {},
            "ip_version": "IPv4",
            "location": "eastus",
            "name": "dev-ip-0",
            "public_ip_prefix_id": null,
            "resource_group_name": "linuxDev",
            "reverse_fqdn": null,
            "sku": "Basic",
            "sku_tier": "Regional",
            "tags": {
              "environment": "dev"
            },
            "timeouts": null,
            "zones": []
          },
          "sensitive_attributes": [],
          "private": "eyJlMmJmYjczMC1lY2FhLTExZTYtOGY4OC0zNDM2M2JjN2M0YzAiOnsiY3JlYXRlIjoxODAwMDAwMDAwMDAwLCJkZWxldGUiOjE4MDAwMDAwMDAwMDAsInJlYWQiOjMwMDAwMDAwMDAwMCwidXBkYXRlIjoxODAwMDAwMDAwMDAwfX0=",
          "dependencies": [
            "azurerm_resource_group.linux-dev-rg"
          ]
        },
        {
          "index_key": 1,
          "schema_version": 0,
          "attributes": {
            "allocation_method": "Dynamic",
            "domain_name_label": null,
            "edge_zone": "",
            "fqdn": null,
            "id": "/subscriptions/ff46aedd-3714-4508-9566-642fefdc3b90/resourceGroups/linuxDev/providers/Microsoft.Network/publicIPAddresses/dev-ip-1",
            "idle_timeout_in_minutes": 4,
            "ip_address": "52.168.183.27",
            "ip_tags": {},
            "ip_version": "IPv4",
            "location": "eastus",
            "name": "dev-ip-1",
            "public_ip_prefix_id": null,
            "resource_group_name": "linuxDev",
            "reverse_fqdn": null,
            "sku": "Basic",
            "sku_tier": "Regional",
            "tags": {
              "environment": "dev"
            },
            "timeouts": null,
            "zones": []
          },
          "sensitive_attributes": [],
          "private": "eyJlMmJmYjczMC1lY2FhLTExZTYtOGY4OC0zNDM2M2JjN2M0YzAiOnsiY3JlYXRlIjoxODAwMDAwMDAwMDAwLCJkZWxldGUiOjE4MDAwMDAwMDAwMDAsInJlYWQiOjMwMDAwMDAwMDAwMCwidXBkYXRlIjoxODAwMDAwMDAwMDAwfX0=",
          "dependencies": [
            "azurerm_resource_group.linux-dev-rg"
          ]
        },
        {
          "index_key": 2,
          "schema_version": 0,
          "attributes": {
            "allocation_method": "Dynamic",
            "domain_name_label": null,
            "edge_zone": "",
            "fqdn": null,
            "id": "/subscriptions/ff46aedd-3714-4508-9566-642fefdc3b90/resourceGroups/linuxDev/providers/Microsoft.Network/publicIPAddresses/dev-ip-2",
            "idle_timeout_in_minutes": 4,
            "ip_address": "52.168.177.104",
            "ip_tags": {},
            "ip_version": "IPv4",
            "location": "eastus",
            "name": "dev-ip-2",
            "public_ip_prefix_id": null,
            "resource_group_name": "linuxDev",
            "reverse_fqdn": null,
            "sku": "Basic",
            "sku_tier": "Regional",
            "tags": {
              "environment": "dev"
            },
            "timeouts": null,
            "zones": []
          },
          "sensitive_attributes": [],
          "private": "eyJlMmJmYjczMC1lY2FhLTExZTYtOGY4OC0zNDM2M2JjN2M0YzAiOnsiY3JlYXRlIjoxODAwMDAwMDAwMDAwLCJkZWxldGUiOjE4MDAwMDAwMDAwMDAsInJlYWQiOjMwMDAwMDAwMDAwMCwidXBkYXRlIjoxODAwMDAwMDAwMDAwfX0=",
          "dependencies": [
            "azurerm_resource_group.linux-dev-rg"
          ]
        },
        {
          "index_key": 3,
          "schema_version": 0,
          "attributes": {
            "allocation_method": "Dynamic",
            "domain_name_label": null,
            "edge_zone": "",
            "fqdn": null,
            "id": "/subscriptions/ff46aedd-3714-4508-9566-642fefdc3b90/resourceGroups/linuxDev/providers/Microsoft.Network/publicIPAddresses/dev-ip-3",
            "idle_timeout_in_minutes": 4,
            "ip_address": "52.168.180.95",
            "ip_tags": {},
            "ip_version": "IPv4",
            "location": "eastus",
            "name": "dev-ip-3",
            "public_ip_prefix_id": null,
            "resource_group_name": "linuxDev",
            "reverse_fqdn": null,
            "sku": "Basic",
            "sku_tier": "Regional",
            "tags": {
              "environment": "dev"
            },
            "timeouts": null,
            "zones": []
          },
          "sensitive_attributes": [],
          "private": "eyJlMmJmYjczMC1lY2FhLTExZTYtOGY4OC0zNDM2M2JjN2M0YzAiOnsiY3JlYXRlIjoxODAwMDAwMDAwMDAwLCJkZWxldGUiOjE4MDAwMDAwMDAwMDAsInJlYWQiOjMwMDAwMDAwMDAwMCwidXBkYXRlIjoxODAwMDAwMDAwMDAwfX0=",
          "dependencies": [
            "azurerm_resource_group.linux-dev-rg"
          ]
        },
        {
          "index_key": 4,
          "schema_version": 0,
          "attributes": {
            "allocation_method": "Dynamic",
            "domain_name_label": null,
            "edge_zone": "",
            "fqdn": null,
            "id": "/subscriptions/ff46aedd-3714-4508-9566-642fefdc3b90/resourceGroups/linuxDev/providers/Microsoft.Network/publicIPAddresses/dev-ip-4",
            "idle_timeout_in_minutes": 4,
            "ip_address": "52.168.180.10",
            "ip_tags": {},
            "ip_version": "IPv4",
            "location": "eastus",
            "name": "dev-ip-4",
            "public_ip_prefix_id": null,
            "resource_group_name": "linuxDev",
            "reverse_fqdn": null,
            "sku": "Basic",
            "sku_tier": "Regional",
            "tags": {
              "environment": "dev"
            },
            "timeouts": null,
            "zones": []
          },
          "sensitive_attributes": [],
          "private": "eyJlMmJmYjczMC1lY2FhLTExZTYtOGY4OC0zNDM2M2JjN2M0YzAiOnsiY3JlYXRlIjoxODAwMDAwMDAwMDAwLCJkZWxldGUiOjE4MDAwMDAwMDAwMDAsInJlYWQiOjMwMDAwMDAwMDAwMCwidXBkYXRlIjoxODAwMDAwMDAwMDAwfX0=",
          "dependencies": [
            "azurerm_resource_group.linux-dev-rg"
          ]
        },
        {
          "index_key": 5,
          "schema_version": 0,
          "attributes": {
            "allocation_method": "Dynamic",
            "domain_name_label": null,
            "edge_zone": "",
            "fqdn": null,
            "id": "/subscriptions/ff46aedd-3714-4508-9566-642fefdc3b90/resourceGroups/linuxDev/providers/Microsoft.Network/publicIPAddresses/dev-ip-5",
            "idle_timeout_in_minutes": 4,
            "ip_address": "",
            "ip_tags": null,
            "ip_version": "IPv4",
            "location": "eastus",
            "name": "dev-ip-5",
            "public_ip_prefix_id": null,
            "resource_group_name": "linuxDev",
            "reverse_fqdn": null,
            "sku": "Basic",
            "sku_tier": "Regional",
            "tags": {
              "environment": "dev"
            },
            "timeouts": null,
            "zones": null
          },
          "sensitive_attributes": [],
          "private": "eyJlMmJmYjczMC1lY2FhLTExZTYtOGY4OC0zNDM2M2JjN2M0YzAiOnsiY3JlYXRlIjoxODAwMDAwMDAwMDAwLCJkZWxldGUiOjE4MDAwMDAwMDAwMDAsInJlYWQiOjMwMDAwMDAwMDAwMCwidXBkYXRlIjoxODAwMDAwMDAwMDAwfX0=",
          "dependencies": [
            "azurerm_resource_group.linux-dev-rg"
          ]
        },
        {
          "index_key": 6,
          "schema_version": 0,
          "attributes": {
            "allocation_method": "Dynamic",
            "domain_name_label": null,
            "edge_zone": "",
            "fqdn": null,
            "id": "/subscriptions/ff46aedd-3714-4508-9566-642fefdc3b90/resourceGroups/linuxDev/providers/Microsoft.Network/publicIPAddresses/dev-ip-6",
            "idle_timeout_in_minutes": 4,
            "ip_address": "",
            "ip_tags": null,
            "ip_version": "IPv4",
            "location": "eastus",
            "name": "dev-ip-6",
            "public_ip_prefix_id": null,
            "resource_group_name": "linuxDev",
            "reverse_fqdn": null,
            "sku": "Basic",
            "sku_tier": "Regional",
            "tags": {
              "environment": "dev"
            },
            "timeouts": null,
            "zones": null
          },
          "sensitive_attributes": [],
          "private": "eyJlMmJmYjczMC1lY2FhLTExZTYtOGY4OC0zNDM2M2JjN2M0YzAiOnsiY3JlYXRlIjoxODAwMDAwMDAwMDAwLCJkZWxldGUiOjE4MDAwMDAwMDAwMDAsInJlYWQiOjMwMDAwMDAwMDAwMCwidXBkYXRlIjoxODAwMDAwMDAwMDAwfX0=",
          "dependencies": [
            "azurerm_resource_group.linux-dev-rg"
          ]
        },
        {
          "index_key": 7,
          "schema_version": 0,
          "attributes": {
            "allocation_method": "Dynamic",
            "domain_name_label": null,
            "edge_zone": "",
            "fqdn": null,
            "id": "/subscriptions/ff46aedd-3714-4508-9566-642fefdc3b90/resourceGroups/linuxDev/providers/Microsoft.Network/publicIPAddresses/dev-ip-7",
            "idle_timeout_in_minutes": 4,
            "ip_address": "",
            "ip_tags": null,
            "ip_version": "IPv4",
            "location": "eastus",
            "name": "dev-ip-7",
            "public_ip_prefix_id": null,
            "resource_group_name": "linuxDev",
            "reverse_fqdn": null,
            "sku": "Basic",
            "sku_tier": "Regional",
            "tags": {
              "environment": "dev"
            },
            "timeouts": null,
            "zones": null
          },
          "sensitive_attributes": [],
          "private": "eyJlMmJmYjczMC1lY2FhLTExZTYtOGY4OC0zNDM2M2JjN2M0YzAiOnsiY3JlYXRlIjoxODAwMDAwMDAwMDAwLCJkZWxldGUiOjE4MDAwMDAwMDAwMDAsInJlYWQiOjMwMDAwMDAwMDAwMCwidXBkYXRlIjoxODAwMDAwMDAwMDAwfX0=",
          "dependencies": [
            "azurerm_resource_group.linux-dev-rg"
          ]
        },
        {
          "index_key": 8,
          "schema_version": 0,
          "attributes": {
            "allocation_method": "Dynamic",
            "domain_name_label": null,
            "edge_zone": "",
            "fqdn": null,
            "id": "/subscriptions/ff46aedd-3714-4508-9566-642fefdc3b90/resourceGroups/linuxDev/providers/Microsoft.Network/publicIPAddresses/dev-ip-8",
            "idle_timeout_in_minutes": 4,
            "ip_address": "",
            "ip_tags": null,
            "ip_version": "IPv4",
            "location": "eastus",
            "name": "dev-ip-8",
            "public_ip_prefix_id": null,
            "resource_group_name": "linuxDev",
            "reverse_fqdn": null,
            "sku": "Basic",
            "sku_tier": "Regional",
            "tags": {
              "environment": "dev"
            },
            "timeouts": null,
            "zones": null
          },
          "sensitive_attributes": [],
          "private": "eyJlMmJmYjczMC1lY2FhLTExZTYtOGY4OC0zNDM2M2JjN2M0YzAiOnsiY3JlYXRlIjoxODAwMDAwMDAwMDAwLCJkZWxldGUiOjE4MDAwMDAwMDAwMDAsInJlYWQiOjMwMDAwMDAwMDAwMCwidXBkYXRlIjoxODAwMDAwMDAwMDAwfX0=",
          "dependencies": [
            "azurerm_resource_group.linux-dev-rg"
          ]
        },
        {
          "index_key": 9,
          "schema_version": 0,
          "attributes": {
            "allocation_method": "Dynamic",
            "domain_name_label": null,
            "edge_zone": "",
            "fqdn": null,
            "id": "/subscriptions/ff46aedd-3714-4508-9566-642fefdc3b90/resourceGroups/linuxDev/providers/Microsoft.Network/publicIPAddresses/dev-ip-9",
            "idle_timeout_in_minutes": 4,
            "ip_address": "",
            "ip_tags": null,
            "ip_version": "IPv4",
            "location": "eastus",
            "name": "dev-ip-9",
            "public_ip_prefix_id": null,
            "resource_group_name": "linuxDev",
            "reverse_fqdn": null,
            "sku": "Basic",
            "sku_tier": "Regional",
            "tags": {
              "environment": "dev"
            },
            "timeouts": null,
            "zones": null
          },
          "sensitive_attributes": [],
          "private": "eyJlMmJmYjczMC1lY2FhLTExZTYtOGY4OC0zNDM2M2JjN2M0YzAiOnsiY3JlYXRlIjoxODAwMDAwMDAwMDAwLCJkZWxldGUiOjE4MDAwMDAwMDAwMDAsInJlYWQiOjMwMDAwMDAwMDAwMCwidXBkYXRlIjoxODAwMDAwMDAwMDAwfX0=",
          "dependencies": [
            "azurerm_resource_group.linux-dev-rg"
          ]
        }
      ]
    },
    {
      "mode": "managed",
      "type": "azurerm_resource_group",
      "name": "linux-dev-rg",
      "provider": "provider[\"registry.terraform.io/hashicorp/azurerm\"]",
      "instances": [
        {
          "schema_version": 0,
          "attributes": {
            "id": "/subscriptions/ff46aedd-3714-4508-9566-642fefdc3b90/resourceGroups/linuxDev",
            "location": "eastus",
            "name": "linuxDev",
            "tags": {
              "environment": "dev"
            },
            "timeouts": null
          },
          "sensitive_attributes": [],
          "private": "eyJlMmJmYjczMC1lY2FhLTExZTYtOGY4OC0zNDM2M2JjN2M0YzAiOnsiY3JlYXRlIjo1NDAwMDAwMDAwMDAwLCJkZWxldGUiOjU0MDAwMDAwMDAwMDAsInJlYWQiOjMwMDAwMDAwMDAwMCwidXBkYXRlIjo1NDAwMDAwMDAwMDAwfX0="
        }
      ]
    },
    {
      "mode": "managed",
      "type": "azurerm_subnet",
      "name": "dev-subnet",
      "provider": "provider[\"registry.terraform.io/hashicorp/azurerm\"]",
      "instances": [
        {
          "schema_version": 0,
          "attributes": {
            "address_prefixes": [
              "10.123.1.0/24"
            ],
            "delegation": [],
            "enforce_private_link_endpoint_network_policies": false,
            "enforce_private_link_service_network_policies": false,
            "id": "/subscriptions/ff46aedd-3714-4508-9566-642fefdc3b90/resourceGroups/linuxDev/providers/Microsoft.Network/virtualNetworks/dev-network/subnets/subnet1",
            "name": "subnet1",
            "resource_group_name": "linuxDev",
            "service_endpoint_policy_ids": [],
            "service_endpoints": [],
            "timeouts": null,
            "virtual_network_name": "dev-network"
          },
          "sensitive_attributes": [],
          "private": "eyJlMmJmYjczMC1lY2FhLTExZTYtOGY4OC0zNDM2M2JjN2M0YzAiOnsiY3JlYXRlIjoxODAwMDAwMDAwMDAwLCJkZWxldGUiOjE4MDAwMDAwMDAwMDAsInJlYWQiOjMwMDAwMDAwMDAwMCwidXBkYXRlIjoxODAwMDAwMDAwMDAwfX0=",
          "dependencies": [
            "azurerm_resource_group.linux-dev-rg",
            "azurerm_virtual_network.dev-vnet"
          ]
        }
      ]
    },
    {
      "mode": "managed",
      "type": "azurerm_subnet_network_security_group_association",
      "name": "dev-nsga",
      "provider": "provider[\"registry.terraform.io/hashicorp/azurerm\"]",
      "instances": [
        {
          "schema_version": 0,
          "attributes": {
            "id": "/subscriptions/ff46aedd-3714-4508-9566-642fefdc3b90/resourceGroups/linuxDev/providers/Microsoft.Network/virtualNetworks/dev-network/subnets/subnet1",
            "network_security_group_id": "/subscriptions/ff46aedd-3714-4508-9566-642fefdc3b90/resourceGroups/linuxDev/providers/Microsoft.Network/networkSecurityGroups/dev-nsg",
            "subnet_id": "/subscriptions/ff46aedd-3714-4508-9566-642fefdc3b90/resourceGroups/linuxDev/providers/Microsoft.Network/virtualNetworks/dev-network/subnets/subnet1",
            "timeouts": null
          },
          "sensitive_attributes": [],
          "private": "eyJlMmJmYjczMC1lY2FhLTExZTYtOGY4OC0zNDM2M2JjN2M0YzAiOnsiY3JlYXRlIjoxODAwMDAwMDAwMDAwLCJkZWxldGUiOjE4MDAwMDAwMDAwMDAsInJlYWQiOjMwMDAwMDAwMDAwMCwidXBkYXRlIjoxODAwMDAwMDAwMDAwfX0=",
          "dependencies": [
            "azurerm_network_security_group.dev-nsg",
            "azurerm_resource_group.linux-dev-rg",
            "azurerm_subnet.dev-subnet",
            "azurerm_virtual_network.dev-vnet"
          ]
        }
      ]
    },
    {
      "mode": "managed",
      "type": "azurerm_virtual_network",
      "name": "dev-vnet",
      "provider": "provider[\"registry.terraform.io/hashicorp/azurerm\"]",
      "instances": [
        {
          "schema_version": 0,
          "attributes": {
            "address_space": [
              "10.123.0.0/16"
            ],
            "bgp_community": "",
            "ddos_protection_plan": [],
            "dns_servers": [],
            "edge_zone": "",
            "flow_timeout_in_minutes": 0,
            "guid": "40a3a169-48cb-4f27-9f6d-56a9574656e8",
            "id": "/subscriptions/ff46aedd-3714-4508-9566-642fefdc3b90/resourceGroups/linuxDev/providers/Microsoft.Network/virtualNetworks/dev-network",
            "location": "eastus",
            "name": "dev-network",
            "resource_group_name": "linuxDev",
            "subnet": [
              {
                "address_prefix": "10.123.1.0/24",
                "id": "/subscriptions/ff46aedd-3714-4508-9566-642fefdc3b90/resourceGroups/linuxDev/providers/Microsoft.Network/virtualNetworks/dev-network/subnets/subnet1",
                "name": "subnet1",
                "security_group": "/subscriptions/ff46aedd-3714-4508-9566-642fefdc3b90/resourceGroups/linuxDev/providers/Microsoft.Network/networkSecurityGroups/dev-nsg"
              }
            ],
            "tags": {
              "environment": "dev"
            },
            "timeouts": null
          },
          "sensitive_attributes": [],
          "private": "eyJlMmJmYjczMC1lY2FhLTExZTYtOGY4OC0zNDM2M2JjN2M0YzAiOnsiY3JlYXRlIjoxODAwMDAwMDAwMDAwLCJkZWxldGUiOjE4MDAwMDAwMDAwMDAsInJlYWQiOjMwMDAwMDAwMDAwMCwidXBkYXRlIjoxODAwMDAwMDAwMDAwfX0=",
          "dependencies": [
            "azurerm_resource_group.linux-dev-rg"
          ]
        }
      ]
    }
  ],
  "check_results": null
}
